
Microsoft Visual Studio Solution File, Format Version 12.00
# Visual Studio 14
VisualStudioVersion = 14.0.25420.1
MinimumVisualStudioVersion = 10.0.40219.1
Project("{FAE04EC0-301F-11D3-BF4B-00C04F79EFBC}") = "CoffeeTime", "CoffeeTime\CoffeeTime\CoffeeTime.csproj", "{86D3EA3E-061E-4AAD-84AC-642F9C279F8D}"
EndProject
Project("{FAE04EC0-301F-11D3-BF4B-00C04F79EFBC}") = "CoffeeTime.Droid", "CoffeeTime\CoffeeTime.Droid\CoffeeTime.Droid.csproj", "{B7CF6952-B37E-4722-B947-6B629450DD50}"
EndProject
Project("{FAE04EC0-301F-11D3-BF4B-00C04F79EFBC}") = "CoffeeTime.iOS", "CoffeeTime\CoffeeTime.iOS\CoffeeTime.iOS.csproj", "{3393B5B5-0D8E-40F3-A0CD-878D8B1F891E}"
EndProject
Global
	GlobalSection(SolutionConfigurationPlatforms) = preSolution
		Ad-Hoc|Any CPU = Ad-Hoc|Any CPU
		Ad-Hoc|ARM = Ad-Hoc|ARM
		Ad-Hoc|iPhone = Ad-Hoc|iPhone
		Ad-Hoc|iPhoneSimulator = Ad-Hoc|iPhoneSimulator
		Ad-Hoc|x64 = Ad-Hoc|x64
		Ad-Hoc|x86 = Ad-Hoc|x86
		AppStore|Any CPU = AppStore|Any CPU
		AppStore|ARM = AppStore|ARM
		AppStore|iPhone = AppStore|iPhone
		AppStore|iPhoneSimulator = AppStore|iPhoneSimulator
		AppStore|x64 = AppStore|x64
		AppStore|x86 = AppStore|x86
		Debug|Any CPU = Debug|Any CPU
		Debug|ARM = Debug|ARM
		Debug|iPhone = Debug|iPhone
		Debug|iPhoneSimulator = Debug|iPhoneSimulator
		Debug|x64 = Debug|x64
		Debug|x86 = Debug|x86
		Release|Any CPU = Release|Any CPU
		Release|ARM = Release|ARM
		Release|iPhone = Release|iPhone
		Release|iPhoneSimulator = Release|iPhoneSimulator
		Release|x64 = Release|x64
		Release|x86 = Release|x86
	EndGlobalSection
	GlobalSection(ProjectConfigurationPlatforms) = postSolution
		{86D3EA3E-061E-4AAD-84AC-642F9C279F8D}.Ad-Hoc|Any CPU.ActiveCfg = Release|Any CPU
		{86D3EA3E-061E-4AAD-84AC-642F9C279F8D}.Ad-Hoc|Any CPU.Build.0 = Release|Any CPU
		{86D3EA3E-061E-4AAD-84AC-642F9C279F8D}.Ad-Hoc|ARM.ActiveCfg = Release|Any CPU
		{86D3EA3E-061E-4AAD-84AC-642F9C279F8D}.Ad-Hoc|ARM.Build.0 = Release|Any CPU
		{86D3EA3E-061E-4AAD-84AC-642F9C279F8D}.Ad-Hoc|iPhone.ActiveCfg = Release|Any CPU
		{86D3EA3E-061E-4AAD-84AC-642F9C279F8D}.Ad-Hoc|iPhone.Build.0 = Release|Any CPU
		{86D3EA3E-061E-4AAD-84AC-642F9C279F8D}.Ad-Hoc|iPhoneSimulator.ActiveCfg = Release|Any CPU
		{86D3EA3E-061E-4AAD-84AC-642F9C279F8D}.Ad-Hoc|iPhoneSimulator.Build.0 = Release|Any CPU
		{86D3EA3E-061E-4AAD-84AC-642F9C279F8D}.Ad-Hoc|x64.ActiveCfg = Release|Any CPU
		{86D3EA3E-061E-4AAD-84AC-642F9C279F8D}.Ad-Hoc|x64.Build.0 = Release|Any CPU
		{86D3EA3E-061E-4AAD-84AC-642F9C279F8D}.Ad-Hoc|x86.ActiveCfg = Release|Any CPU
		{86D3EA3E-061E-4AAD-84AC-642F9C279F8D}.Ad-Hoc|x86.Build.0 = Release|Any CPU
		{86D3EA3E-061E-4AAD-84AC-642F9C279F8D}.AppStore|Any CPU.ActiveCfg = Release|Any CPU
		{86D3EA3E-061E-4AAD-84AC-642F9C279F8D}.AppStore|Any CPU.Build.0 = Release|Any CPU
		{86D3EA3E-061E-4AAD-84AC-642F9C279F8D}.AppStore|ARM.ActiveCfg = Release|Any CPU
		{86D3EA3E-061E-4AAD-84AC-642F9C279F8D}.AppStore|ARM.Build.0 = Release|Any CPU
		{86D3EA3E-061E-4AAD-84AC-642F9C279F8D}.AppStore|iPhone.ActiveCfg = Release|Any CPU
		{86D3EA3E-061E-4AAD-84AC-642F9C279F8D}.AppStore|iPhone.Build.0 = Release|Any CPU
		{86D3EA3E-061E-4AAD-84AC-642F9C279F8D}.AppStore|iPhoneSimulator.ActiveCfg = Release|Any CPU
		{86D3EA3E-061E-4AAD-84AC-642F9C279F8D}.AppStore|iPhoneSimulator.Build.0 = Release|Any CPU
		{86D3EA3E-061E-4AAD-84AC-642F9C279F8D}.AppStore|x64.ActiveCfg = Release|Any CPU
		{86D3EA3E-061E-4AAD-84AC-642F9C279F8D}.AppStore|x64.Build.0 = Release|Any CPU
		{86D3EA3E-061E-4AAD-84AC-642F9C279F8D}.AppStore|x86.ActiveCfg = Release|Any CPU
		{86D3EA3E-061E-4AAD-84AC-642F9C279F8D}.AppStore|x86.Build.0 = Release|Any CPU
		{86D3EA3E-061E-4AAD-84AC-642F9C279F8D}.Debug|Any CPU.ActiveCfg = Debug|Any CPU
		{86D3EA3E-061E-4AAD-84AC-642F9C279F8D}.Debug|Any CPU.Build.0 = Debug|Any CPU
		{86D3EA3E-061E-4AAD-84AC-642F9C279F8D}.Debug|ARM.ActiveCfg = Debug|Any CPU
		{86D3EA3E-061E-4AAD-84AC-642F9C279F8D}.Debug|ARM.Build.0 = Debug|Any CPU
		{86D3EA3E-061E-4AAD-84AC-642F9C279F8D}.Debug|iPhone.ActiveCfg = Debug|Any CPU
		{86D3EA3E-061E-4AAD-84AC-642F9C279F8D}.Debug|iPhone.Build.0 = Debug|Any CPU
		{86D3EA3E-061E-4AAD-84AC-642F9C279F8D}.Debug|iPhoneSimulator.ActiveCfg = Debug|Any CPU
		{86D3EA3E-061E-4AAD-84AC-642F9C279F8D}.Debug|iPhoneSimulator.Build.0 = Debug|Any CPU
		{86D3EA3E-061E-4AAD-84AC-642F9C279F8D}.Debug|x64.ActiveCfg = Debug|Any CPU
		{86D3EA3E-061E-4AAD-84AC-642F9C279F8D}.Debug|x64.Build.0 = Debug|Any CPU
		{86D3EA3E-061E-4AAD-84AC-642F9C279F8D}.Debug|x86.ActiveCfg = Debug|Any CPU
		{86D3EA3E-061E-4AAD-84AC-642F9C279F8D}.Debug|x86.Build.0 = Debug|Any CPU
		{86D3EA3E-061E-4AAD-84AC-642F9C279F8D}.Release|Any CPU.ActiveCfg = Release|Any CPU
		{86D3EA3E-061E-4AAD-84AC-642F9C279F8D}.Release|Any CPU.Build.0 = Release|Any CPU
		{86D3EA3E-061E-4AAD-84AC-642F9C279F8D}.Release|ARM.ActiveCfg = Release|Any CPU
		{86D3EA3E-061E-4AAD-84AC-642F9C279F8D}.Release|ARM.Build.0 = Release|Any CPU
		{86D3EA3E-061E-4AAD-84AC-642F9C279F8D}.Release|iPhone.ActiveCfg = Release|Any CPU
		{86D3EA3E-061E-4AAD-84AC-642F9C279F8D}.Release|iPhone.Build.0 = Release|Any CPU
		{86D3EA3E-061E-4AAD-84AC-642F9C279F8D}.Release|iPhoneSimulator.ActiveCfg = Release|Any CPU
		{86D3EA3E-061E-4AAD-84AC-642F9C279F8D}.Release|iPhoneSimulator.Build.0 = Release|Any CPU
		{86D3EA3E-061E-4AAD-84AC-642F9C279F8D}.Release|x64.ActiveCfg = Release|Any CPU
		{86D3EA3E-061E-4AAD-84AC-642F9C279F8D}.Release|x64.Build.0 = Release|Any CPU
		{86D3EA3E-061E-4AAD-84AC-642F9C279F8D}.Release|x86.ActiveCfg = Release|Any CPU
		{86D3EA3E-061E-4AAD-84AC-642F9C279F8D}.Release|x86.Build.0 = Release|Any CPU
		{B7CF6952-B37E-4722-B947-6B629450DD50}.Ad-Hoc|Any CPU.ActiveCfg = Release|Any CPU
		{B7CF6952-B37E-4722-B947-6B629450DD50}.Ad-Hoc|Any CPU.Build.0 = Release|Any CPU
		{B7CF6952-B37E-4722-B947-6B629450DD50}.Ad-Hoc|Any CPU.Deploy.0 = Release|Any CPU
		{B7CF6952-B37E-4722-B947-6B629450DD50}.Ad-Hoc|ARM.ActiveCfg = Release|Any CPU
		{B7CF6952-B37E-4722-B947-6B629450DD50}.Ad-Hoc|ARM.Build.0 = Release|Any CPU
		{B7CF6952-B37E-4722-B947-6B629450DD50}.Ad-Hoc|ARM.Deploy.0 = Release|Any CPU
		{B7CF6952-B37E-4722-B947-6B629450DD50}.Ad-Hoc|iPhone.ActiveCfg = Release|Any CPU
		{B7CF6952-B37E-4722-B947-6B629450DD50}.Ad-Hoc|iPhone.Build.0 = Release|Any CPU
		{B7CF6952-B37E-4722-B947-6B629450DD50}.Ad-Hoc|iPhone.Deploy.0 = Release|Any CPU
		{B7CF6952-B37E-4722-B947-6B629450DD50}.Ad-Hoc|iPhoneSimulator.ActiveCfg = Release|Any CPU
		{B7CF6952-B37E-4722-B947-6B629450DD50}.Ad-Hoc|iPhoneSimulator.Build.0 = Release|Any CPU
		{B7CF6952-B37E-4722-B947-6B629450DD50}.Ad-Hoc|iPhoneSimulator.Deploy.0 = Release|Any CPU
		{B7CF6952-B37E-4722-B947-6B629450DD50}.Ad-Hoc|x64.ActiveCfg = Release|Any CPU
		{B7CF6952-B37E-4722-B947-6B629450DD50}.Ad-Hoc|x64.Build.0 = Release|Any CPU
		{B7CF6952-B37E-4722-B947-6B629450DD50}.Ad-Hoc|x64.Deploy.0 = Release|Any CPU
		{B7CF6952-B37E-4722-B947-6B629450DD50}.Ad-Hoc|x86.ActiveCfg = Release|Any CPU
		{B7CF6952-B37E-4722-B947-6B629450DD50}.Ad-Hoc|x86.Build.0 = Release|Any CPU
		{B7CF6952-B37E-4722-B947-6B629450DD50}.Ad-Hoc|x86.Deploy.0 = Release|Any CPU
		{B7CF6952-B37E-4722-B947-6B629450DD50}.AppStore|Any CPU.ActiveCfg = Release|Any CPU
		{B7CF6952-B37E-4722-B947-6B629450DD50}.AppStore|Any CPU.Build.0 = Release|Any CPU
		{B7CF6952-B37E-4722-B947-6B629450DD50}.AppStore|Any CPU.Deploy.0 = Release|Any CPU
		{B7CF6952-B37E-4722-B947-6B629450DD50}.AppStore|ARM.ActiveCfg = Release|Any CPU
		{B7CF6952-B37E-4722-B947-6B629450DD50}.AppStore|ARM.Build.0 = Release|Any CPU
		{B7CF6952-B37E-4722-B947-6B629450DD50}.AppStore|ARM.Deploy.0 = Release|Any CPU
		{B7CF6952-B37E-4722-B947-6B629450DD50}.AppStore|iPhone.ActiveCfg = Release|Any CPU
		{B7CF6952-B37E-4722-B947-6B629450DD50}.AppStore|iPhone.Build.0 = Release|Any CPU
		{B7CF6952-B37E-4722-B947-6B629450DD50}.AppStore|iPhone.Deploy.0 = Release|Any CPU
		{B7CF6952-B37E-4722-B947-6B629450DD50}.AppStore|iPhoneSimulator.ActiveCfg = Release|Any CPU
		{B7CF6952-B37E-4722-B947-6B629450DD50}.AppStore|iPhoneSimulator.Build.0 = Release|Any CPU
		{B7CF6952-B37E-4722-B947-6B629450DD50}.AppStore|iPhoneSimulator.Deploy.0 = Release|Any CPU
		{B7CF6952-B37E-4722-B947-6B629450DD50}.AppStore|x64.ActiveCfg = Release|Any CPU
		{B7CF6952-B37E-4722-B947-6B629450DD50}.AppStore|x64.Build.0 = Release|Any CPU
		{B7CF6952-B37E-4722-B947-6B629450DD50}.AppStore|x64.Deploy.0 = Release|Any CPU
		{B7CF6952-B37E-4722-B947-6B629450DD50}.AppStore|x86.ActiveCfg = Release|Any CPU
		{B7CF6952-B37E-4722-B947-6B629450DD50}.AppStore|x86.Build.0 = Release|Any CPU
		{B7CF6952-B37E-4722-B947-6B629450DD50}.AppStore|x86.Deploy.0 = Release|Any CPU
		{B7CF6952-B37E-4722-B947-6B629450DD50}.Debug|Any CPU.ActiveCfg = Debug|Any CPU
		{B7CF6952-B37E-4722-B947-6B629450DD50}.Debug|Any CPU.Build.0 = Debug|Any CPU
		{B7CF6952-B37E-4722-B947-6B629450DD50}.Debug|Any CPU.Deploy.0 = Debug|Any CPU
		{B7CF6952-B37E-4722-B947-6B629450DD50}.Debug|ARM.ActiveCfg = Debug|Any CPU
		{B7CF6952-B37E-4722-B947-6B629450DD50}.Debug|ARM.Build.0 = Debug|Any CPU
		{B7CF6952-B37E-4722-B947-6B629450DD50}.Debug|ARM.Deploy.0 = Debug|Any CPU
		{B7CF6952-B37E-4722-B947-6B629450DD50}.Debug|iPhone.ActiveCfg = Debug|Any CPU
		{B7CF6952-B37E-4722-B947-6B629450DD50}.Debug|iPhone.Build.0 = Debug|Any CPU
		{B7CF6952-B37E-4722-B947-6B629450DD50}.Debug|iPhone.Deploy.0 = Debug|Any CPU
		{B7CF6952-B37E-4722-B947-6B629450DD50}.Debug|iPhoneSimulator.ActiveCfg = Debug|Any CPU
		{B7CF6952-B37E-4722-B947-6B629450DD50}.Debug|iPhoneSimulator.Build.0 = Debug|Any CPU
		{B7CF6952-B37E-4722-B947-6B629450DD50}.Debug|iPhoneSimulator.Deploy.0 = Debug|Any CPU
		{B7CF6952-B37E-4722-B947-6B629450DD50}.Debug|x64.ActiveCfg = Debug|Any CPU
		{B7CF6952-B37E-4722-B947-6B629450DD50}.Debug|x64.Build.0 = Debug|Any CPU
		{B7CF6952-B37E-4722-B947-6B629450DD50}.Debug|x64.Deploy.0 = Debug|Any CPU
		{B7CF6952-B37E-4722-B947-6B629450DD50}.Debug|x86.ActiveCfg = Debug|Any CPU
		{B7CF6952-B37E-4722-B947-6B629450DD50}.Debug|x86.Build.0 = Debug|Any CPU
		{B7CF6952-B37E-4722-B947-6B629450DD50}.Debug|x86.Deploy.0 = Debug|Any CPU
		{B7CF6952-B37E-4722-B947-6B629450DD50}.Release|Any CPU.ActiveCfg = Release|Any CPU
		{B7CF6952-B37E-4722-B947-6B629450DD50}.Release|Any CPU.Build.0 = Release|Any CPU
		{B7CF6952-B37E-4722-B947-6B629450DD50}.Release|Any CPU.Deploy.0 = Release|Any CPU
		{B7CF6952-B37E-4722-B947-6B629450DD50}.Release|ARM.ActiveCfg = Release|Any CPU
		{B7CF6952-B37E-4722-B947-6B629450DD50}.Release|ARM.Build.0 = Release|Any CPU
		{B7CF6952-B37E-4722-B947-6B629450DD50}.Release|ARM.Deploy.0 = Release|Any CPU
		{B7CF6952-B37E-4722-B947-6B629450DD50}.Release|iPhone.ActiveCfg = Release|Any CPU
		{B7CF6952-B37E-4722-B947-6B629450DD50}.Release|iPhone.Build.0 = Release|Any CPU
		{B7CF6952-B37E-4722-B947-6B629450DD50}.Release|iPhone.Deploy.0 = Release|Any CPU
		{B7CF6952-B37E-4722-B947-6B629450DD50}.Release|iPhoneSimulator.ActiveCfg = Release|Any CPU
		{B7CF6952-B37E-4722-B947-6B629450DD50}.Release|iPhoneSimulator.Build.0 = Release|Any CPU
		{B7CF6952-B37E-4722-B947-6B629450DD50}.Release|iPhoneSimulator.Deploy.0 = Release|Any CPU
		{B7CF6952-B37E-4722-B947-6B629450DD50}.Release|x64.ActiveCfg = Release|Any CPU
		{B7CF6952-B37E-4722-B947-6B629450DD50}.Release|x64.Build.0 = Release|Any CPU
		{B7CF6952-B37E-4722-B947-6B629450DD50}.Release|x64.Deploy.0 = Release|Any CPU
		{B7CF6952-B37E-4722-B947-6B629450DD50}.Release|x86.ActiveCfg = Release|Any CPU
		{B7CF6952-B37E-4722-B947-6B629450DD50}.Release|x86.Build.0 = Release|Any CPU
		{B7CF6952-B37E-4722-B947-6B629450DD50}.Release|x86.Deploy.0 = Release|Any CPU
		{3393B5B5-0D8E-40F3-A0CD-878D8B1F891E}.Ad-Hoc|Any CPU.ActiveCfg = Ad-Hoc|iPhone
		{3393B5B5-0D8E-40F3-A0CD-878D8B1F891E}.Ad-Hoc|ARM.ActiveCfg = Ad-Hoc|iPhone
		{3393B5B5-0D8E-40F3-A0CD-878D8B1F891E}.Ad-Hoc|iPhone.ActiveCfg = Ad-Hoc|iPhone
		{3393B5B5-0D8E-40F3-A0CD-878D8B1F891E}.Ad-Hoc|iPhone.Build.0 = Ad-Hoc|iPhone
		{3393B5B5-0D8E-40F3-A0CD-878D8B1F891E}.Ad-Hoc|iPhoneSimulator.ActiveCfg = Ad-Hoc|iPhoneSimulator
		{3393B5B5-0D8E-40F3-A0CD-878D8B1F891E}.Ad-Hoc|iPhoneSimulator.Build.0 = Ad-Hoc|iPhoneSimulator
		{3393B5B5-0D8E-40F3-A0CD-878D8B1F891E}.Ad-Hoc|x64.ActiveCfg = Ad-Hoc|iPhone
		{3393B5B5-0D8E-40F3-A0CD-878D8B1F891E}.Ad-Hoc|x86.ActiveCfg = Ad-Hoc|iPhone
		{3393B5B5-0D8E-40F3-A0CD-878D8B1F891E}.AppStore|Any CPU.ActiveCfg = AppStore|iPhone
		{3393B5B5-0D8E-40F3-A0CD-878D8B1F891E}.AppStore|ARM.ActiveCfg = AppStore|iPhone
		{3393B5B5-0D8E-40F3-A0CD-878D8B1F891E}.AppStore|iPhone.ActiveCfg = AppStore|iPhone
		{3393B5B5-0D8E-40F3-A0CD-878D8B1F891E}.AppStore|iPhone.Build.0 = AppStore|iPhone
		{3393B5B5-0D8E-40F3-A0CD-878D8B1F891E}.AppStore|iPhoneSimulator.ActiveCfg = AppStore|iPhoneSimulator
		{3393B5B5-0D8E-40F3-A0CD-878D8B1F891E}.AppStore|iPhoneSimulator.Build.0 = AppStore|iPhoneSimulator
		{3393B5B5-0D8E-40F3-A0CD-878D8B1F891E}.AppStore|x64.ActiveCfg = AppStore|iPhone
		{3393B5B5-0D8E-40F3-A0CD-878D8B1F891E}.AppStore|x86.ActiveCfg = AppStore|iPhone
		{3393B5B5-0D8E-40F3-A0CD-878D8B1F891E}.Debug|Any CPU.ActiveCfg = Debug|iPhoneSimulator
		{3393B5B5-0D8E-40F3-A0CD-878D8B1F891E}.Debug|Any CPU.Build.0 = Debug|iPhoneSimulator
		{3393B5B5-0D8E-40F3-A0CD-878D8B1F891E}.Debug|Any CPU.Deploy.0 = Debug|iPhoneSimulator
		{3393B5B5-0D8E-40F3-A0CD-878D8B1F891E}.Debug|ARM.ActiveCfg = Debug|iPhone
		{3393B5B5-0D8E-40F3-A0CD-878D8B1F891E}.Debug|iPhone.ActiveCfg = Debug|iPhone
		{3393B5B5-0D8E-40F3-A0CD-878D8B1F891E}.Debug|iPhone.Build.0 = Debug|iPhone
		{3393B5B5-0D8E-40F3-A0CD-878D8B1F891E}.Debug|iPhoneSimulator.ActiveCfg = Debug|iPhoneSimulator
		{3393B5B5-0D8E-40F3-A0CD-878D8B1F891E}.Debug|iPhoneSimulator.Build.0 = Debug|iPhoneSimulator
		{3393B5B5-0D8E-40F3-A0CD-878D8B1F891E}.Debug|x64.ActiveCfg = Debug|iPhone
		{3393B5B5-0D8E-40F3-A0CD-878D8B1F891E}.Debug|x86.ActiveCfg = Debug|iPhone
		{3393B5B5-0D8E-40F3-A0CD-878D8B1F891E}.Release|Any CPU.ActiveCfg = Release|iPhone
		{3393B5B5-0D8E-40F3-A0CD-878D8B1F891E}.Release|ARM.ActiveCfg = Release|iPhone
		{3393B5B5-0D8E-40F3-A0CD-878D8B1F891E}.Release|iPhone.ActiveCfg = Release|iPhone
		{3393B5B5-0D8E-40F3-A0CD-878D8B1F891E}.Release|iPhone.Build.0 = Release|iPhone
		{3393B5B5-0D8E-40F3-A0CD-878D8B1F891E}.Release|iPhoneSimulator.ActiveCfg = Release|iPhoneSimulator
		{3393B5B5-0D8E-40F3-A0CD-878D8B1F891E}.Release|iPhoneSimulator.Build.0 = Release|iPhoneSimulator
		{3393B5B5-0D8E-40F3-A0CD-878D8B1F891E}.Release|x64.ActiveCfg = Release|iPhone
		{3393B5B5-0D8E-40F3-A0CD-878D8B1F891E}.Release|x86.ActiveCfg = Release|iPhone
	EndGlobalSection
	GlobalSection(SolutionProperties) = preSolution
		HideSolutionNode = FALSE
	EndGlobalSection
EndGlobal
